{
  "name": "envio-case5-processor",
  "version": "1.0.0",
  "lockfileVersion": 3,
  "requires": true,
  "packages": {
    "": {
      "name": "envio-case5-processor",
      "version": "1.0.0",
      "dependencies": {
        "@envio-dev/hypersync-client": "^0.6.3",
        "bignumber.js": "^9.3.0",
        "dotenv": "^16.5.0",
        "parquetjs": "^0.11.2",
        "viem": "^1.21.4"
      }
    },
    "node_modules/@adraffy/ens-normalize": {
      "version": "1.10.0",
      "resolved": "https://registry.npmjs.org/@adraffy/ens-normalize/-/ens-normalize-1.10.0.tgz",
      "integrity": "sha512-nA9XHtlAkYfJxY7bce8DcN7eKxWWCWkU+1GR9d+U6MbNpfwQp8TI7vqOsBsMcHoT4mBu2kypKoSKnghEzOOq5Q==",
      "license": "MIT"
    },
    "node_modules/@envio-dev/hypersync-client": {
      "version": "0.6.3",
      "resolved": "https://registry.npmjs.org/@envio-dev/hypersync-client/-/hypersync-client-0.6.3.tgz",
      "integrity": "sha512-Lr5WyMZBK1cI++kAQLM/zd62NfUM60A3KWTKgeNew4NOghfoY5YZr99C7vo+CMYePXskYBR+ul+5iNPoHqkFrw==",
      "license": "MIT",
      "engines": {
        "node": ">= 10"
      },
      "optionalDependencies": {
        "@envio-dev/hypersync-client-darwin-arm64": "0.6.3",
        "@envio-dev/hypersync-client-darwin-x64": "0.6.3",
        "@envio-dev/hypersync-client-linux-arm64-gnu": "0.6.3",
        "@envio-dev/hypersync-client-linux-x64-gnu": "0.6.3",
        "@envio-dev/hypersync-client-linux-x64-musl": "0.6.3",
        "@envio-dev/hypersync-client-win32-x64-msvc": "0.6.3"
      }
    },
    "node_modules/@envio-dev/hypersync-client-darwin-arm64": {
      "version": "0.6.3",
      "resolved": "https://registry.npmjs.org/@envio-dev/hypersync-client-darwin-arm64/-/hypersync-client-darwin-arm64-0.6.3.tgz",
      "integrity": "sha512-w4OLJaq3lD03iXPJxLnPpoxOduvzCfEe2nYtamvIRLPB2SlbxnB5EF5dSyFs6WKh1x4PMsksQOUKeCcOtQPZow==",
      "cpu": [
        "arm64"
      ],
      "license": "MIT",
      "optional": true,
      "os": [
        "darwin"
      ],
      "engines": {
        "node": ">= 10"
      }
    },
    "node_modules/@envio-dev/hypersync-client-darwin-x64": {
      "version": "0.6.3",
      "resolved": "https://registry.npmjs.org/@envio-dev/hypersync-client-darwin-x64/-/hypersync-client-darwin-x64-0.6.3.tgz",
      "integrity": "sha512-zh98zCbm2cse/iIzyMs1YCcA1iI1U/j4Yex1xBVaEa1ogzQSK9peS6M+NygzdmlwPqr7K9rUQ/U56ICRl67fWw==",
      "cpu": [
        "x64"
      ],
      "license": "MIT",
      "optional": true,
      "os": [
        "darwin"
      ],
      "engines": {
        "node": ">= 10"
      }
    },
    "node_modules/@envio-dev/hypersync-client-linux-arm64-gnu": {
      "version": "0.6.3",
      "resolved": "https://registry.npmjs.org/@envio-dev/hypersync-client-linux-arm64-gnu/-/hypersync-client-linux-arm64-gnu-0.6.3.tgz",
      "integrity": "sha512-5pI0N6W7W0L7LpgN76BAWRsC+NPOvrlvBEq8IjlBUS47vqZALvcJj3gYNkm466tUBQ4q4tF1x48k7MFKtoO8aw==",
      "cpu": [
        "arm64"
      ],
      "license": "MIT",
      "optional": true,
      "os": [
        "linux"
      ],
      "engines": {
        "node": ">= 10"
      }
    },
    "node_modules/@envio-dev/hypersync-client-linux-x64-gnu": {
      "version": "0.6.3",
      "resolved": "https://registry.npmjs.org/@envio-dev/hypersync-client-linux-x64-gnu/-/hypersync-client-linux-x64-gnu-0.6.3.tgz",
      "integrity": "sha512-jL3sxWVyTJuKdO5y/0tu1EtWSox+nJdpmr7rdVW1w0gLk4ewzWORp9cl5pXkpqM4MUsjJz+NkcQKsUquGYBkKg==",
      "cpu": [
        "x64"
      ],
      "license": "MIT",
      "optional": true,
      "os": [
        "linux"
      ],
      "engines": {
        "node": ">= 10"
      }
    },
    "node_modules/@envio-dev/hypersync-client-linux-x64-musl": {
      "version": "0.6.3",
      "resolved": "https://registry.npmjs.org/@envio-dev/hypersync-client-linux-x64-musl/-/hypersync-client-linux-x64-musl-0.6.3.tgz",
      "integrity": "sha512-4rAh9x3PEWIweih731lWVEUGm+qrIHouElqZgXfTcZS6KkPeDnSYKVw10K5EyDuDtZla/NccEr0pJmcvpui5Ew==",
      "cpu": [
        "x64"
      ],
      "license": "MIT",
      "optional": true,
      "os": [
        "linux"
      ],
      "engines": {
        "node": ">= 10"
      }
    },
    "node_modules/@envio-dev/hypersync-client-win32-x64-msvc": {
      "version": "0.6.3",
      "resolved": "https://registry.npmjs.org/@envio-dev/hypersync-client-win32-x64-msvc/-/hypersync-client-win32-x64-msvc-0.6.3.tgz",
      "integrity": "sha512-AINzLdjqU+y6ZiHnxorjFlrGNIw/AAJ80YXABYzokvGhDTF9qupjR1gdZo4sQEumgrRyg7fiG8QnsZVEm6V/zA==",
      "cpu": [
        "x64"
      ],
      "license": "MIT",
      "optional": true,
      "os": [
        "win32"
      ],
      "engines": {
        "node": ">= 10"
      }
    },
    "node_modules/@noble/curves": {
      "version": "1.2.0",
      "resolved": "https://registry.npmjs.org/@noble/curves/-/curves-1.2.0.tgz",
      "integrity": "sha512-oYclrNgRaM9SsBUBVbb8M6DTV7ZHRTKugureoYEncY5c65HOmRzvSiTE3y5CYaPYJA/GVkrhXEoF0M3Ya9PMnw==",
      "license": "MIT",
      "dependencies": {
        "@noble/hashes": "1.3.2"
      },
      "funding": {
        "url": "https://paulmillr.com/funding/"
      }
    },
    "node_modules/@noble/hashes": {
      "version": "1.3.2",
      "resolved": "https://registry.npmjs.org/@noble/hashes/-/hashes-1.3.2.tgz",
      "integrity": "sha512-MVC8EAQp7MvEcm30KWENFjgR+Mkmf+D189XJTkFIlwohU5hcBbn1ZkKq7KVTi2Hme3PMGF390DaL52beVrIihQ==",
      "license": "MIT",
      "engines": {
        "node": ">= 16"
      },
      "funding": {
        "url": "https://paulmillr.com/funding/"
      }
    },
    "node_modules/@scure/base": {
      "version": "1.1.9",
      "resolved": "https://registry.npmjs.org/@scure/base/-/base-1.1.9.tgz",
      "integrity": "sha512-8YKhl8GHiNI/pU2VMaofa2Tor7PJRAjwQLBBuilkJ9L5+13yVbC7JO/wS7piioAvPSwR3JKM1IJ/u4xQzbcXKg==",
      "license": "MIT",
      "funding": {
        "url": "https://paulmillr.com/funding/"
      }
    },
    "node_modules/@scure/bip32": {
      "version": "1.3.2",
      "resolved": "https://registry.npmjs.org/@scure/bip32/-/bip32-1.3.2.tgz",
      "integrity": "sha512-N1ZhksgwD3OBlwTv3R6KFEcPojl/W4ElJOeCZdi+vuI5QmTFwLq3OFf2zd2ROpKvxFdgZ6hUpb0dx9bVNEwYCA==",
      "license": "MIT",
      "dependencies": {
        "@noble/curves": "~1.2.0",
        "@noble/hashes": "~1.3.2",
        "@scure/base": "~1.1.2"
      },
      "funding": {
        "url": "https://paulmillr.com/funding/"
      }
    },
    "node_modules/@scure/bip39": {
      "version": "1.2.1",
      "resolved": "https://registry.npmjs.org/@scure/bip39/-/bip39-1.2.1.tgz",
      "integrity": "sha512-Z3/Fsz1yr904dduJD0NpiyRHhRYHdcnyh73FZWiV+/qhWi83wNJ3NWolYqCEN+ZWsUz2TWwajJggcRE9r1zUYg==",
      "license": "MIT",
      "dependencies": {
        "@noble/hashes": "~1.3.0",
        "@scure/base": "~1.1.0"
      },
      "funding": {
        "url": "https://paulmillr.com/funding/"
      }
    },
    "node_modules/abitype": {
      "version": "0.9.8",
      "resolved": "https://registry.npmjs.org/abitype/-/abitype-0.9.8.tgz",
      "integrity": "sha512-puLifILdm+8sjyss4S+fsUN09obiT1g2YW6CtcQF+QDzxR0euzgEB29MZujC6zMk2a6SVmtttq1fc6+YFA7WYQ==",
      "funding": [
        {
          "type": "github",
          "url": "https://github.com/sponsors/wagmi-dev"
        }
      ],
      "license": "MIT",
      "peerDependencies": {
        "typescript": ">=5.0.4",
        "zod": "^3 >=3.19.1"
      },
      "peerDependenciesMeta": {
        "typescript": {
          "optional": true
        },
        "zod": {
          "optional": true
        }
      }
    },
    "node_modules/base64-js": {
      "version": "1.5.1",
      "resolved": "https://registry.npmjs.org/base64-js/-/base64-js-1.5.1.tgz",
      "integrity": "sha512-AKpaYlHn8t4SVbOHCy+b5+KKgvR4vrsD8vbvrbiQJps7fKDTkjkDry6ji0rUJjC0kzbNePLwzxq8iypo41qeWA==",
      "funding": [
        {
          "type": "github",
          "url": "https://github.com/sponsors/feross"
        },
        {
          "type": "patreon",
          "url": "https://www.patreon.com/feross"
        },
        {
          "type": "consulting",
          "url": "https://feross.org/support"
        }
      ],
      "license": "MIT"
    },
    "node_modules/bignumber.js": {
      "version": "9.3.0",
      "resolved": "https://registry.npmjs.org/bignumber.js/-/bignumber.js-9.3.0.tgz",
      "integrity": "sha512-EM7aMFTXbptt/wZdMlBv2t8IViwQL+h6SLHosp8Yf0dqJMTnY6iL32opnAB6kAdL0SZPuvcAzFr31o0c/R3/RA==",
      "license": "MIT",
      "engines": {
        "node": "*"
      }
    },
    "node_modules/bindings": {
      "version": "1.2.1",
      "resolved": "https://registry.npmjs.org/bindings/-/bindings-1.2.1.tgz",
      "integrity": "sha512-u4cBQNepWxYA55FunZSM7wMi55yQaN0otnhhilNoWHq0MfOfJeQx0v0mRRpolGOExPjZcl6FtB0BB8Xkb88F0g==",
      "license": "MIT",
      "optional": true
    },
    "node_modules/brotli": {
      "version": "1.3.3",
      "resolved": "https://registry.npmjs.org/brotli/-/brotli-1.3.3.tgz",
      "integrity": "sha512-oTKjJdShmDuGW94SyyaoQvAjf30dZaHnjJ8uAF+u2/vGJkJbJPJAT1gDiOJP5v1Zb6f9KEyW/1HpuaWIXtGHPg==",
      "license": "MIT",
      "dependencies": {
        "base64-js": "^1.1.2"
      }
    },
    "node_modules/bson": {
      "version": "1.1.6",
      "resolved": "https://registry.npmjs.org/bson/-/bson-1.1.6.tgz",
      "integrity": "sha512-EvVNVeGo4tHxwi8L6bPj3y3itEvStdwvvlojVxxbyYfoaxJ6keLgrTuKdyfEAszFK+H3olzBuafE0yoh0D1gdg==",
      "license": "Apache-2.0",
      "engines": {
        "node": ">=0.6.19"
      }
    },
    "node_modules/dotenv": {
      "version": "16.5.0",
      "resolved": "https://registry.npmjs.org/dotenv/-/dotenv-16.5.0.tgz",
      "integrity": "sha512-m/C+AwOAr9/W1UOIZUo232ejMNnJAJtYQjUbHoNTBNTJSvqzzDh7vnrei3o3r3m9blf6ZoDkvcw0VmozNRFJxg==",
      "license": "BSD-2-Clause",
      "engines": {
        "node": ">=12"
      },
      "funding": {
        "url": "https://dotenvx.com"
      }
    },
    "node_modules/int53": {
      "version": "0.2.4",
      "resolved": "https://registry.npmjs.org/int53/-/int53-0.2.4.tgz",
      "integrity": "sha512-a5jlKftS7HUOhkUyYD7j2sJ/ZnvWiNlZS1ldR+g1ifQ+/UuZXIE+YTc/lK1qGj/GwAU5F8Z0e1eVq2t1J5Ob2g==",
      "license": "BSD-3-Clause"
    },
    "node_modules/isows": {
      "version": "1.0.3",
      "resolved": "https://registry.npmjs.org/isows/-/isows-1.0.3.tgz",
      "integrity": "sha512-2cKei4vlmg2cxEjm3wVSqn8pcoRF/LX/wpifuuNquFO4SQmPwarClT+SUCA2lt+l581tTeZIPIZuIDo2jWN1fg==",
      "funding": [
        {
          "type": "github",
          "url": "https://github.com/sponsors/wagmi-dev"
        }
      ],
      "license": "MIT",
      "peerDependencies": {
        "ws": "*"
      }
    },
    "node_modules/lzo": {
      "version": "0.4.11",
      "resolved": "https://registry.npmjs.org/lzo/-/lzo-0.4.11.tgz",
      "integrity": "sha512-apQHNoW2Alg72FMqaC/7pn03I7umdgSVFt2KRkCXXils4Z9u3QBh1uOtl2O5WmZIDLd9g6Lu4lIdOLmiSTFVCQ==",
      "hasInstallScript": true,
      "license": "MIT",
      "optional": true,
      "dependencies": {
        "bindings": "~1.2.1"
      }
    },
    "node_modules/node-int64": {
      "version": "0.4.0",
      "resolved": "https://registry.npmjs.org/node-int64/-/node-int64-0.4.0.tgz",
      "integrity": "sha512-O5lz91xSOeoXP6DulyHfllpq+Eg00MWitZIbtPfoSEvqIHdl5gfcY6hYzDWnj0qD5tz52PI08u9qUvSVeUBeHw==",
      "license": "MIT"
    },
    "node_modules/object-stream": {
      "version": "0.0.1",
      "resolved": "https://registry.npmjs.org/object-stream/-/object-stream-0.0.1.tgz",
      "integrity": "sha512-+NPJnRvX9RDMRY9mOWOo/NDppBjbZhXirNNSu2IBnuNboClC9h1ZGHXgHBLDbJMHsxeJDq922aVmG5xs24a/cA==",
      "engines": {
        "node": ">=0.10"
      }
    },
    "node_modules/parquetjs": {
      "version": "0.11.2",
      "resolved": "https://registry.npmjs.org/parquetjs/-/parquetjs-0.11.2.tgz",
      "integrity": "sha512-Y6FOc3Oi2AxY4TzJPz7fhICCR8tQNL3p+2xGQoUAMbmlJBR7+JJmMrwuyMjIpDiM7G8Wj/8oqOH4UDUmu4I5ZA==",
      "license": "MIT",
      "dependencies": {
        "brotli": "^1.3.0",
        "bson": "^1.0.4",
        "int53": "^0.2.4",
        "object-stream": "0.0.1",
        "snappyjs": "^0.6.0",
        "thrift": "^0.11.0",
        "varint": "^5.0.0"
      },
      "engines": {
        "node": ">=7.6"
      },
      "optionalDependencies": {
        "lzo": "^0.4.0"
      }
    },
    "node_modules/q": {
      "version": "1.5.1",
      "resolved": "https://registry.npmjs.org/q/-/q-1.5.1.tgz",
      "integrity": "sha512-kV/CThkXo6xyFEZUugw/+pIOywXcDbFYgSct5cT3gqlbkBE1SJdwy6UQoZvodiWF/ckQLZyDE/Bu1M6gVu5lVw==",
      "deprecated": "You or someone you depend on is using Q, the JavaScript Promise library that gave JavaScript developers strong feelings about promises. They can almost certainly migrate to the native JavaScript promise now. Thank you literally everyone for joining me in this bet against the odds. Be excellent to each other.\n\n(For a CapTP with native promises, see @endo/eventual-send and @endo/captp)",
      "license": "MIT",
      "engines": {
        "node": ">=0.6.0",
        "teleport": ">=0.2.0"
      }
    },
    "node_modules/snappyjs": {
      "version": "0.6.1",
      "resolved": "https://registry.npmjs.org/snappyjs/-/snappyjs-0.6.1.tgz",
      "integrity": "sha512-YIK6I2lsH072UE0aOFxxY1dPDCS43I5ktqHpeAsuLNYWkE5pGxRGWfDM4/vSUfNzXjC1Ivzt3qx31PCLmc9yqg==",
      "license": "MIT"
    },
    "node_modules/thrift": {
      "version": "0.11.0",
      "resolved": "https://registry.npmjs.org/thrift/-/thrift-0.11.0.tgz",
      "integrity": "sha512-UpsBhOC45a45TpeHOXE4wwYwL8uD2apbHTbtBvkwtUU4dNwCjC7DpQTjw2Q6eIdfNtw+dKthdwq94uLXTJPfFw==",
      "license": "Apache-2.0",
      "dependencies": {
        "node-int64": "^0.4.0",
        "q": "^1.5.0",
        "ws": ">= 2.2.3"
      },
      "engines": {
        "node": ">= 4.1.0"
      }
    },
    "node_modules/varint": {
      "version": "5.0.2",
      "resolved": "https://registry.npmjs.org/varint/-/varint-5.0.2.tgz",
      "integrity": "sha512-lKxKYG6H03yCZUpAGOPOsMcGxd1RHCu1iKvEHYDPmTyq2HueGhD73ssNBqqQWfvYs04G9iUFRvmAVLW20Jw6ow==",
      "license": "MIT"
    },
    "node_modules/viem": {
      "version": "1.21.4",
      "resolved": "https://registry.npmjs.org/viem/-/viem-1.21.4.tgz",
      "integrity": "sha512-BNVYdSaUjeS2zKQgPs+49e5JKocfo60Ib2yiXOWBT6LuVxY1I/6fFX3waEtpXvL1Xn4qu+BVitVtMh9lyThyhQ==",
      "funding": [
        {
          "type": "github",
          "url": "https://github.com/sponsors/wevm"
        }
      ],
      "license": "MIT",
      "dependencies": {
        "@adraffy/ens-normalize": "1.10.0",
        "@noble/curves": "1.2.0",
        "@noble/hashes": "1.3.2",
        "@scure/bip32": "1.3.2",
        "@scure/bip39": "1.2.1",
        "abitype": "0.9.8",
        "isows": "1.0.3",
        "ws": "8.13.0"
      },
      "peerDependencies": {
        "typescript": ">=5.0.4"
      },
      "peerDependenciesMeta": {
        "typescript": {
          "optional": true
        }
      }
    },
    "node_modules/viem/node_modules/ws": {
      "version": "8.13.0",
      "resolved": "https://registry.npmjs.org/ws/-/ws-8.13.0.tgz",
      "integrity": "sha512-x9vcZYTrFPC7aSIbj7sRCYo7L/Xb8Iy+pW0ng0wt2vCJv7M9HOMy0UoN3rr+IFC7hb7vXoqS+P9ktyLLLhO+LA==",
      "license": "MIT",
      "engines": {
        "node": ">=10.0.0"
      },
      "peerDependencies": {
        "bufferutil": "^4.0.1",
        "utf-8-validate": ">=5.0.2"
      },
      "peerDependenciesMeta": {
        "bufferutil": {
          "optional": true
        },
        "utf-8-validate": {
          "optional": true
        }
      }
    },
    "node_modules/ws": {
      "version": "8.18.1",
      "resolved": "https://registry.npmjs.org/ws/-/ws-8.18.1.tgz",
      "integrity": "sha512-RKW2aJZMXeMxVpnZ6bck+RswznaxmzdULiBr6KY7XkTnW8uvt0iT9H5DkHUChXrc+uurzwa0rVI16n/Xzjdz1w==",
      "license": "MIT",
      "engines": {
        "node": ">=10.0.0"
      },
      "peerDependencies": {
        "bufferutil": "^4.0.1",
        "utf-8-validate": ">=5.0.2"
      },
      "peerDependenciesMeta": {
        "bufferutil": {
          "optional": true
        },
        "utf-8-validate": {
          "optional": true
        }
      }
    }
  }
}
